
Microsoft Visual Studio Solution File, Format Version 12.00
# Visual Studio Version 17
VisualStudioVersion = 17.9.34728.123
MinimumVisualStudioVersion = 10.0.40219.1
Project("{FAE04EC0-301F-11D3-BF4B-00C04F79EFBC}") = "StudentStudyAndWellnessBackend", "StudentStudyAndWellnessBackend\StudentStudyAndWellnessBackend.csproj", "{1BABA817-42CF-4BE8-B72D-C5D6840D3437}"
EndProject
Global
	GlobalSection(SolutionConfigurationPlatforms) = preSolution
		Debug|Any CPU = Debug|Any CPU
		Release|Any CPU = Release|Any CPU
	EndGlobalSection
	GlobalSection(ProjectConfigurationPlatforms) = postSolution
		{1BABA817-42CF-4BE8-B72D-C5D6840D3437}.Debug|Any CPU.ActiveCfg = Debug|Any CPU
		{1BABA817-42CF-4BE8-B72D-C5D6840D3437}.Debug|Any CPU.Build.0 = Debug|Any CPU
		{1BABA817-42CF-4BE8-B72D-C5D6840D3437}.Release|Any CPU.ActiveCfg = Release|Any CPU
		{1BABA817-42CF-4BE8-B72D-C5D6840D3437}.Release|Any CPU.Build.0 = Release|Any CPU
	EndGlobalSection
	GlobalSection(SolutionProperties) = preSolution
		HideSolutionNode = FALSE
	EndGlobalSection
	GlobalSection(ExtensibilityGlobals) = postSolution
		SolutionGuid = {885ABED3-800C-490F-8685-D12CE1D9266B}
	EndGlobalSection
EndGlobal
